Microsoft Visual Studio Solution File, Format Version 12.00
# Visual Studio Version 17
VisualStudioVersion = 17.0.31903.59
MinimumVisualStudioVersion = 10.0.40219.1
Project("{98A3BEF6-9205-41A5-BD36-05E50309D139}") = "Project_8ea84c5bb077436e98cc4b48aa9ce1f0_20250619080304803670", "Project_8ea84c5bb077436e98cc4b48aa9ce1f0_20250619080304803670.csproj", "{98A3BEF6-9205-41A5-BD36-05E50309D139}"
EndProject
Global
    GlobalSection(SolutionConfigurationPlatforms) = preSolution
        Debug|Any CPU = Debug|Any CPU
        Release|Any CPU = Release|Any CPU
    EndGlobalSection
    GlobalSection(ProjectConfigurationPlatforms) = postSolution
        {98A3BEF6-9205-41A5-BD36-05E50309D139}.Debug|Any CPU.ActiveCfg = Debug|Any CPU
        {98A3BEF6-9205-41A5-BD36-05E50309D139}.Debug|Any CPU.Build.0 = Debug|Any CPU
        {98A3BEF6-9205-41A5-BD36-05E50309D139}.Release|Any CPU.ActiveCfg = Release|Any CPU
        {98A3BEF6-9205-41A5-BD36-05E50309D139}.Release|Any CPU.Build.0 = Release|Any CPU
    EndGlobalSection
EndGlobal